
Microsoft Visual Studio Solution File, Format Version 12.00
# Visual Studio Version 16
VisualStudioVersion = 16.0.31205.134
MinimumVisualStudioVersion = 10.0.40219.1
Project("{9A19103F-16F7-4668-BE54-9A1E7A4F7556}") = "ClassTestApp", "ClassTestApp\ClassTestApp.csproj", "{EDE32900-F0C8-4103-B566-2EFC0DE990CC}"
EndProject
Project("{9A19103F-16F7-4668-BE54-9A1E7A4F7556}") = "InterfaceTestApp", "InterfaceTestApp\InterfaceTestApp.csproj", "{3E0E8E1F-3765-4DF7-AA37-BC34253111C1}"
EndProject
Project("{9A19103F-16F7-4668-BE54-9A1E7A4F7556}") = "UsingInterFaceTestApp", "UsingInterFaceTestApp\UsingInterFaceTestApp.csproj", "{21C29638-E95F-4487-80AE-CD070CB7AF9C}"
EndProject
Project("{9A19103F-16F7-4668-BE54-9A1E7A4F7556}") = "AbstractClassTestApp", "AbstractClassTestApp\AbstractClassTestApp.csproj", "{56FF5D53-607D-455B-BDF7-9131FE8707B9}"
EndProject
Project("{9A19103F-16F7-4668-BE54-9A1E7A4F7556}") = "PropertyTestApp", "PropertyTestApp\PropertyTestApp.csproj", "{2B3F8CF5-0C3A-4A58-98B7-3E4FE981AFCD}"
EndProject
Project("{9A19103F-16F7-4668-BE54-9A1E7A4F7556}") = "ArrayTestApp", "ArrayTestApp\ArrayTestApp.csproj", "{E13400B9-6459-48AE-8214-1583E3AC472E}"
EndProject
Project("{9A19103F-16F7-4668-BE54-9A1E7A4F7556}") = "ArrayClassTestApp", "ArrayClassTestApp\ArrayClassTestApp.csproj", "{A22E0D44-C65C-4B4A-92A5-D9B2CA41841B}"
EndProject
Project("{9A19103F-16F7-4668-BE54-9A1E7A4F7556}") = "CollectionTestApp", "CollectionTestApp\CollectionTestApp.csproj", "{EF734942-36FF-4296-9F52-802D226C2289}"
EndProject
Project("{9A19103F-16F7-4668-BE54-9A1E7A4F7556}") = "QueueTestApp", "QueueTestApp\QueueTestApp.csproj", "{3BF58D67-F4B0-4BFD-BE11-6EC82490132C}"
EndProject
Project("{9A19103F-16F7-4668-BE54-9A1E7A4F7556}") = "IndexerTestApp", "IndexerTestApp\IndexerTestApp.csproj", "{E4E96BFE-7ED0-4FBE-859F-8E4E0A857C49}"
EndProject
Project("{FAE04EC0-301F-11D3-BF4B-00C04F79EFBC}") = "GenericTestApp", "GenericTestApp\GenericTestApp.csproj", "{6F685755-94B9-4D4B-84E3-E35951705546}"
EndProject
Project("{FAE04EC0-301F-11D3-BF4B-00C04F79EFBC}") = "GenericTestApp2", "GenericTestApp2\GenericTestApp2.csproj", "{1ACDD35A-02D5-4E42-B4B3-8CAECEA5B31B}"
EndProject
Project("{FAE04EC0-301F-11D3-BF4B-00C04F79EFBC}") = "GenericMyListApp", "GenericMyListApp\GenericMyListApp.csproj", "{DAB462A0-2EBE-4E7A-8AF2-262F7E7FE2C0}"
EndProject
Project("{FAE04EC0-301F-11D3-BF4B-00C04F79EFBC}") = "GenericCollectionApp", "GenericCollectionApp\GenericCollectionApp.csproj", "{AD520C0C-3231-41A3-B3FF-974167D78BE1}"
EndProject
Project("{FAE04EC0-301F-11D3-BF4B-00C04F79EFBC}") = "ExceptionTestApp", "ExceptionTestApp\ExceptionTestApp.csproj", "{EEF248E1-FC6F-4791-8CAA-6CCE292A9FC3}"
EndProject
Global
	GlobalSection(SolutionConfigurationPlatforms) = preSolution
		Debug|Any CPU = Debug|Any CPU
		Release|Any CPU = Release|Any CPU
	EndGlobalSection
	GlobalSection(ProjectConfigurationPlatforms) = postSolution
		{EDE32900-F0C8-4103-B566-2EFC0DE990CC}.Debug|Any CPU.ActiveCfg = Debug|Any CPU
		{EDE32900-F0C8-4103-B566-2EFC0DE990CC}.Debug|Any CPU.Build.0 = Debug|Any CPU
		{EDE32900-F0C8-4103-B566-2EFC0DE990CC}.Release|Any CPU.ActiveCfg = Release|Any CPU
		{EDE32900-F0C8-4103-B566-2EFC0DE990CC}.Release|Any CPU.Build.0 = Release|Any CPU
		{3E0E8E1F-3765-4DF7-AA37-BC34253111C1}.Debug|Any CPU.ActiveCfg = Debug|Any CPU
		{3E0E8E1F-3765-4DF7-AA37-BC34253111C1}.Debug|Any CPU.Build.0 = Debug|Any CPU
		{3E0E8E1F-3765-4DF7-AA37-BC34253111C1}.Release|Any CPU.ActiveCfg = Release|Any CPU
		{3E0E8E1F-3765-4DF7-AA37-BC34253111C1}.Release|Any CPU.Build.0 = Release|Any CPU
		{21C29638-E95F-4487-80AE-CD070CB7AF9C}.Debug|Any CPU.ActiveCfg = Debug|Any CPU
		{21C29638-E95F-4487-80AE-CD070CB7AF9C}.Debug|Any CPU.Build.0 = Debug|Any CPU
		{21C29638-E95F-4487-80AE-CD070CB7AF9C}.Release|Any CPU.ActiveCfg = Release|Any CPU
		{21C29638-E95F-4487-80AE-CD070CB7AF9C}.Release|Any CPU.Build.0 = Release|Any CPU
		{56FF5D53-607D-455B-BDF7-9131FE8707B9}.Debug|Any CPU.ActiveCfg = Debug|Any CPU
		{56FF5D53-607D-455B-BDF7-9131FE8707B9}.Debug|Any CPU.Build.0 = Debug|Any CPU
		{56FF5D53-607D-455B-BDF7-9131FE8707B9}.Release|Any CPU.ActiveCfg = Release|Any CPU
		{56FF5D53-607D-455B-BDF7-9131FE8707B9}.Release|Any CPU.Build.0 = Release|Any CPU
		{2B3F8CF5-0C3A-4A58-98B7-3E4FE981AFCD}.Debug|Any CPU.ActiveCfg = Debug|Any CPU
		{2B3F8CF5-0C3A-4A58-98B7-3E4FE981AFCD}.Debug|Any CPU.Build.0 = Debug|Any CPU
		{2B3F8CF5-0C3A-4A58-98B7-3E4FE981AFCD}.Release|Any CPU.ActiveCfg = Release|Any CPU
		{2B3F8CF5-0C3A-4A58-98B7-3E4FE981AFCD}.Release|Any CPU.Build.0 = Release|Any CPU
		{E13400B9-6459-48AE-8214-1583E3AC472E}.Debug|Any CPU.ActiveCfg = Debug|Any CPU
		{E13400B9-6459-48AE-8214-1583E3AC472E}.Debug|Any CPU.Build.0 = Debug|Any CPU
		{E13400B9-6459-48AE-8214-1583E3AC472E}.Release|Any CPU.ActiveCfg = Release|Any CPU
		{E13400B9-6459-48AE-8214-1583E3AC472E}.Release|Any CPU.Build.0 = Release|Any CPU
		{A22E0D44-C65C-4B4A-92A5-D9B2CA41841B}.Debug|Any CPU.ActiveCfg = Debug|Any CPU
		{A22E0D44-C65C-4B4A-92A5-D9B2CA41841B}.Debug|Any CPU.Build.0 = Debug|Any CPU
		{A22E0D44-C65C-4B4A-92A5-D9B2CA41841B}.Release|Any CPU.ActiveCfg = Release|Any CPU
		{A22E0D44-C65C-4B4A-92A5-D9B2CA41841B}.Release|Any CPU.Build.0 = Release|Any CPU
		{EF734942-36FF-4296-9F52-802D226C2289}.Debug|Any CPU.ActiveCfg = Debug|Any CPU
		{EF734942-36FF-4296-9F52-802D226C2289}.Debug|Any CPU.Build.0 = Debug|Any CPU
		{EF734942-36FF-4296-9F52-802D226C2289}.Release|Any CPU.ActiveCfg = Release|Any CPU
		{EF734942-36FF-4296-9F52-802D226C2289}.Release|Any CPU.Build.0 = Release|Any CPU
		{3BF58D67-F4B0-4BFD-BE11-6EC82490132C}.Debug|Any CPU.ActiveCfg = Debug|Any CPU
		{3BF58D67-F4B0-4BFD-BE11-6EC82490132C}.Debug|Any CPU.Build.0 = Debug|Any CPU
		{3BF58D67-F4B0-4BFD-BE11-6EC82490132C}.Release|Any CPU.ActiveCfg = Release|Any CPU
		{3BF58D67-F4B0-4BFD-BE11-6EC82490132C}.Release|Any CPU.Build.0 = Release|Any CPU
		{E4E96BFE-7ED0-4FBE-859F-8E4E0A857C49}.Debug|Any CPU.ActiveCfg = Debug|Any CPU
		{E4E96BFE-7ED0-4FBE-859F-8E4E0A857C49}.Debug|Any CPU.Build.0 = Debug|Any CPU
		{E4E96BFE-7ED0-4FBE-859F-8E4E0A857C49}.Release|Any CPU.ActiveCfg = Release|Any CPU
		{E4E96BFE-7ED0-4FBE-859F-8E4E0A857C49}.Release|Any CPU.Build.0 = Release|Any CPU
		{6F685755-94B9-4D4B-84E3-E35951705546}.Debug|Any CPU.ActiveCfg = Debug|Any CPU
		{6F685755-94B9-4D4B-84E3-E35951705546}.Debug|Any CPU.Build.0 = Debug|Any CPU
		{6F685755-94B9-4D4B-84E3-E35951705546}.Release|Any CPU.ActiveCfg = Release|Any CPU
		{6F685755-94B9-4D4B-84E3-E35951705546}.Release|Any CPU.Build.0 = Release|Any CPU
		{1ACDD35A-02D5-4E42-B4B3-8CAECEA5B31B}.Debug|Any CPU.ActiveCfg = Debug|Any CPU
		{1ACDD35A-02D5-4E42-B4B3-8CAECEA5B31B}.Debug|Any CPU.Build.0 = Debug|Any CPU
		{1ACDD35A-02D5-4E42-B4B3-8CAECEA5B31B}.Release|Any CPU.ActiveCfg = Release|Any CPU
		{1ACDD35A-02D5-4E42-B4B3-8CAECEA5B31B}.Release|Any CPU.Build.0 = Release|Any CPU
		{DAB462A0-2EBE-4E7A-8AF2-262F7E7FE2C0}.Debug|Any CPU.ActiveCfg = Debug|Any CPU
		{DAB462A0-2EBE-4E7A-8AF2-262F7E7FE2C0}.Debug|Any CPU.Build.0 = Debug|Any CPU
		{DAB462A0-2EBE-4E7A-8AF2-262F7E7FE2C0}.Release|Any CPU.ActiveCfg = Release|Any CPU
		{DAB462A0-2EBE-4E7A-8AF2-262F7E7FE2C0}.Release|Any CPU.Build.0 = Release|Any CPU
		{AD520C0C-3231-41A3-B3FF-974167D78BE1}.Debug|Any CPU.ActiveCfg = Debug|Any CPU
		{AD520C0C-3231-41A3-B3FF-974167D78BE1}.Debug|Any CPU.Build.0 = Debug|Any CPU
		{AD520C0C-3231-41A3-B3FF-974167D78BE1}.Release|Any CPU.ActiveCfg = Release|Any CPU
		{AD520C0C-3231-41A3-B3FF-974167D78BE1}.Release|Any CPU.Build.0 = Release|Any CPU
		{EEF248E1-FC6F-4791-8CAA-6CCE292A9FC3}.Debug|Any CPU.ActiveCfg = Debug|Any CPU
		{EEF248E1-FC6F-4791-8CAA-6CCE292A9FC3}.Debug|Any CPU.Build.0 = Debug|Any CPU
		{EEF248E1-FC6F-4791-8CAA-6CCE292A9FC3}.Release|Any CPU.ActiveCfg = Release|Any CPU
		{EEF248E1-FC6F-4791-8CAA-6CCE292A9FC3}.Release|Any CPU.Build.0 = Release|Any CPU
	EndGlobalSection
	GlobalSection(SolutionProperties) = preSolution
		HideSolutionNode = FALSE
	EndGlobalSection
	GlobalSection(ExtensibilityGlobals) = postSolution
		SolutionGuid = {F504378F-B6D7-4625-814E-10821E96A468}
	EndGlobalSection
EndGlobal
