
Microsoft Visual Studio Solution File, Format Version 12.00
# Visual Studio Version 16
VisualStudioVersion = 16.0.31205.134
MinimumVisualStudioVersion = 10.0.40219.1
Project("{9A19103F-16F7-4668-BE54-9A1E7A4F7556}") = "ClassTestApp", "ClassTestApp\ClassTestApp.csproj", "{EDE32900-F0C8-4103-B566-2EFC0DE990CC}"
EndProject
Project("{9A19103F-16F7-4668-BE54-9A1E7A4F7556}") = "InterfaceTestApp", "InterfaceTestApp\InterfaceTestApp.csproj", "{3E0E8E1F-3765-4DF7-AA37-BC34253111C1}"
EndProject
Project("{9A19103F-16F7-4668-BE54-9A1E7A4F7556}") = "UsingInterFaceTestApp", "UsingInterFaceTestApp\UsingInterFaceTestApp.csproj", "{21C29638-E95F-4487-80AE-CD070CB7AF9C}"
EndProject
Project("{FAE04EC0-301F-11D3-BF4B-00C04F79EFBC}") = "AbstractClassTestApp", "AbstractClassTestApp\AbstractClassTestApp.csproj", "{56FF5D53-607D-455B-BDF7-9131FE8707B9}"
EndProject
Global
	GlobalSection(SolutionConfigurationPlatforms) = preSolution
		Debug|Any CPU = Debug|Any CPU
		Release|Any CPU = Release|Any CPU
	EndGlobalSection
	GlobalSection(ProjectConfigurationPlatforms) = postSolution
		{EDE32900-F0C8-4103-B566-2EFC0DE990CC}.Debug|Any CPU.ActiveCfg = Debug|Any CPU
		{EDE32900-F0C8-4103-B566-2EFC0DE990CC}.Debug|Any CPU.Build.0 = Debug|Any CPU
		{EDE32900-F0C8-4103-B566-2EFC0DE990CC}.Release|Any CPU.ActiveCfg = Release|Any CPU
		{EDE32900-F0C8-4103-B566-2EFC0DE990CC}.Release|Any CPU.Build.0 = Release|Any CPU
		{3E0E8E1F-3765-4DF7-AA37-BC34253111C1}.Debug|Any CPU.ActiveCfg = Debug|Any CPU
		{3E0E8E1F-3765-4DF7-AA37-BC34253111C1}.Debug|Any CPU.Build.0 = Debug|Any CPU
		{3E0E8E1F-3765-4DF7-AA37-BC34253111C1}.Release|Any CPU.ActiveCfg = Release|Any CPU
		{3E0E8E1F-3765-4DF7-AA37-BC34253111C1}.Release|Any CPU.Build.0 = Release|Any CPU
		{21C29638-E95F-4487-80AE-CD070CB7AF9C}.Debug|Any CPU.ActiveCfg = Debug|Any CPU
		{21C29638-E95F-4487-80AE-CD070CB7AF9C}.Debug|Any CPU.Build.0 = Debug|Any CPU
		{21C29638-E95F-4487-80AE-CD070CB7AF9C}.Release|Any CPU.ActiveCfg = Release|Any CPU
		{21C29638-E95F-4487-80AE-CD070CB7AF9C}.Release|Any CPU.Build.0 = Release|Any CPU
		{56FF5D53-607D-455B-BDF7-9131FE8707B9}.Debug|Any CPU.ActiveCfg = Debug|Any CPU
		{56FF5D53-607D-455B-BDF7-9131FE8707B9}.Debug|Any CPU.Build.0 = Debug|Any CPU
		{56FF5D53-607D-455B-BDF7-9131FE8707B9}.Release|Any CPU.ActiveCfg = Release|Any CPU
		{56FF5D53-607D-455B-BDF7-9131FE8707B9}.Release|Any CPU.Build.0 = Release|Any CPU
	EndGlobalSection
	GlobalSection(SolutionProperties) = preSolution
		HideSolutionNode = FALSE
	EndGlobalSection
	GlobalSection(ExtensibilityGlobals) = postSolution
		SolutionGuid = {F504378F-B6D7-4625-814E-10821E96A468}
	EndGlobalSection
EndGlobal
